# This file is autogenerated, do not edit; changes may be undone by the next 'dep ensure'.


[[projects]]
  digest = "1:6d8a3b164679872fa5a4c44559235f7fb109c7b5cd0f456a2159d579b76cc9ba"
  name = "github.com/DataDog/zstd"
  packages = ["."]
  pruneopts = "UT"
  revision = "809b919c325d7887bff7bd876162af73db53e878"
  version = "v1.4.0"

[[projects]]
  digest = "1:f9ae348e1f793dcf9ed930ed47136a67343dbd6809c5c91391322267f4476892"
  name = "github.com/Microsoft/go-winio"
  packages = ["."]
  pruneopts = "UT"
  revision = "1a8911d1ed007260465c3bfbbc785ac6915a0bb8"
  version = "v0.4.12"

[[projects]]
  digest = "1:2ec153af6a806c3d63d4299f2549bcb29d75d9703097341be309a46db3481488"
  name = "github.com/Shopify/sarama"
  packages = ["."]
  pruneopts = "UT"
  revision = "ea9ab1c316850bee881a07bb2555ee8a685cd4b6"
  version = "v1.22.1"

[[projects]]
  digest = "1:04457f9f6f3ffc5fea48e71d62f2ca256637dee0a04d710288e27e05c8b41976"
  name = "github.com/Sirupsen/logrus"
  packages = ["."]
  pruneopts = "UT"
  revision = "839c75faf7f98a33d445d181f3018b5c3409a45e"
  version = "v1.4.2"

[[projects]]
  digest = "1:ffe9824d294da03b391f44e1ae8281281b4afc1bdaa9588c9097785e3af10cec"
  name = "github.com/davecgh/go-spew"
  packages = ["spew"]
  pruneopts = "UT"
  revision = "8991bc29aa16c548c550c7ff78260e27b9ab7c73"
  version = "v1.1.1"

[[projects]]
  digest = "1:4ddc17aeaa82cb18c5f0a25d7c253a10682f518f4b2558a82869506eec223d76"
  name = "github.com/docker/distribution"
  packages = [
    "digestset",
    "reference",
  ]
  pruneopts = "UT"
  revision = "2461543d988979529609e8cb6fca9ca190dc48da"
  version = "v2.7.1"

[[projects]]
  digest = "1:8891f79f7ff8e7be4af5070ba498aed9729a7adee44d138952d48d04d9d18391"
  name = "github.com/docker/docker"
  packages = [
    "api",
    "api/types",
    "api/types/blkiodev",
    "api/types/container",
    "api/types/events",
    "api/types/filters",
    "api/types/mount",
    "api/types/network",
    "api/types/reference",
    "api/types/registry",
    "api/types/strslice",
    "api/types/swarm",
    "api/types/time",
    "api/types/versions",
    "api/types/volume",
    "client",
    "pkg/ioutils",
    "pkg/longpath",
    "pkg/system",
    "pkg/tlsconfig",
  ]
  pruneopts = "UT"
  revision = "092cba3727bb9b4a2f0e922cd6c0f93ea270e363"
  version = "v1.13.1"

[[projects]]
  digest = "1:811c86996b1ca46729bad2724d4499014c4b9effd05ef8c71b852aad90deb0ce"
  name = "github.com/docker/go-connections"
  packages = [
    "nat",
    "sockets",
    "tlsconfig",
  ]
  pruneopts = "UT"
  revision = "7395e3f8aa162843a74ed6d48e79627d9792ac55"
  version = "v0.4.0"

[[projects]]
  digest = "1:e95ef557dc3120984bb66b385ae01b4bb8ff56bcde28e7b0d1beed0cccc4d69f"
  name = "github.com/docker/go-units"
  packages = ["."]
  pruneopts = "UT"
  revision = "519db1ee28dcc9fd2474ae59fca29a810482bfb1"
  version = "v0.4.0"

[[projects]]
  branch = "master"
  digest = "1:4841e14252a2cecf11840bd05230412ad469709bbacfc12467e2ce5ad07f339b"
  name = "github.com/docker/libtrust"
  packages = ["."]
  pruneopts = "UT"
  revision = "aabc10ec26b754e797f9028f4589c5b7bd90dc20"

[[projects]]
  digest = "1:6f9339c912bbdda81302633ad7e99a28dfa5a639c864061f1929510a9a64aa74"
  name = "github.com/dustin/go-humanize"
  packages = ["."]
  pruneopts = "UT"
  revision = "9f541cc9db5d55bce703bd99987c9d5cb8eea45e"
  version = "v1.0.0"

[[projects]]
  digest = "1:1f0c7ab489b407a7f8f9ad16c25a504d28ab461517a971d341388a56156c1bd7"
  name = "github.com/eapache/go-resiliency"
  packages = ["breaker"]
  pruneopts = "UT"
  revision = "5efd2ed019fd331ec2defc6f3bd98882f1e3e636"
  version = "v1.2.0"

[[projects]]
  branch = "master"
  digest = "1:79f16588b5576b1b3cd90e48d2374cc9a1a8776862d28d8fd0f23b0e15534967"
  name = "github.com/eapache/go-xerial-snappy"
  packages = ["."]
  pruneopts = "UT"
  revision = "776d5712da21bc4762676d614db1d8a64f4238b0"

[[projects]]
  digest = "1:444b82bfe35c83bbcaf84e310fb81a1f9ece03edfed586483c869e2c046aef69"
  name = "github.com/eapache/queue"
  packages = ["."]
  pruneopts = "UT"
  revision = "44cc805cf13205b55f69e14bcb69867d1ae92f98"
  version = "v1.1.0"

[[projects]]
  digest = "1:d2d89e94e2f1893708201307103f14cc8c7efeec3193bd2f5f27aac24e904d71"
  name = "github.com/elastic/beats"
  packages = [
    "dev-tools/mage",
    "libbeat/api",
    "libbeat/asset",
    "libbeat/autodiscover",
    "libbeat/autodiscover/appenders/config",
    "libbeat/autodiscover/builder",
    "libbeat/autodiscover/meta",
    "libbeat/autodiscover/providers/docker",
    "libbeat/autodiscover/providers/jolokia",
    "libbeat/autodiscover/providers/kubernetes",
    "libbeat/autodiscover/template",
    "libbeat/beat",
    "libbeat/cfgfile",
    "libbeat/cloudid",
    "libbeat/cmd",
    "libbeat/cmd/export",
    "libbeat/cmd/instance",
    "libbeat/cmd/test",
    "libbeat/common",
    "libbeat/common/atomic",
    "libbeat/common/backoff",
    "libbeat/common/bus",
    "libbeat/common/cfgtype",
    "libbeat/common/cfgwarn",
    "libbeat/common/cli",
    "libbeat/common/docker",
    "libbeat/common/dtfmt",
    "libbeat/common/file",
    "libbeat/common/flowhash",
    "libbeat/common/fmtstr",
    "libbeat/common/jsontransform",
    "libbeat/common/kafka",
    "libbeat/common/kubernetes",
    "libbeat/common/match",
    "libbeat/common/reload",
    "libbeat/common/safemapstr",
    "libbeat/common/schema",
    "libbeat/common/schema/mapstriface",
    "libbeat/common/seccomp",
    "libbeat/common/streambuf",
    "libbeat/common/terminal",
    "libbeat/common/transport/tlscommon",
    "libbeat/conditions",
    "libbeat/dashboards",
    "libbeat/feature",
    "libbeat/idxmgmt",
    "libbeat/idxmgmt/ilm",
    "libbeat/keystore",
    "libbeat/kibana",
    "libbeat/logp",
    "libbeat/logp/configure",
    "libbeat/management",
    "libbeat/mapping",
    "libbeat/metric/system/cpu",
    "libbeat/metric/system/host",
    "libbeat/metric/system/memory",
    "libbeat/metric/system/process",
    "libbeat/monitoring",
    "libbeat/monitoring/adapter",
    "libbeat/monitoring/report",
    "libbeat/monitoring/report/elasticsearch",
    "libbeat/monitoring/report/log",
    "libbeat/outputs",
    "libbeat/outputs/codec",
    "libbeat/outputs/codec/format",
    "libbeat/outputs/codec/json",
    "libbeat/outputs/console",
    "libbeat/outputs/elasticsearch",
    "libbeat/outputs/fileout",
    "libbeat/outputs/kafka",
    "libbeat/outputs/logstash",
    "libbeat/outputs/outil",
    "libbeat/outputs/redis",
    "libbeat/outputs/transport",
    "libbeat/paths",
    "libbeat/plugin",
    "libbeat/processors",
    "libbeat/processors/actions",
    "libbeat/processors/add_cloud_metadata",
    "libbeat/processors/add_docker_metadata",
    "libbeat/processors/add_host_metadata",
    "libbeat/processors/add_kubernetes_metadata",
    "libbeat/processors/add_locale",
    "libbeat/processors/add_observer_metadata",
    "libbeat/processors/add_process_metadata",
    "libbeat/processors/checks",
    "libbeat/processors/communityid",
    "libbeat/processors/convert",
    "libbeat/processors/dissect",
    "libbeat/processors/dns",
    "libbeat/processors/extract_array",
    "libbeat/processors/timeseries",
    "libbeat/processors/util",
    "libbeat/publisher",
    "libbeat/publisher/includes",
    "libbeat/publisher/pipeline",
    "libbeat/publisher/processing",
    "libbeat/publisher/queue",
    "libbeat/publisher/queue/memqueue",
    "libbeat/publisher/queue/spool",
    "libbeat/service",
    "libbeat/template",
    "libbeat/testing",
    "libbeat/version",
  ]
  pruneopts = "T"
  revision = "a4be71b90ce3e3b8213b616adfcd9e455513da45"
  version = "v7.3.1"

[[projects]]
  digest = "1:999a361511c9c6e735d8d85c81d07a7bc9dba34321e92c959708f31096b0f24d"
  name = "github.com/elastic/ecs"
  packages = ["code/go/ecs"]
  pruneopts = "UT"
  revision = "ab5e966864a6e2d4bc9fd6e2343e8d7f05f648fb"
  version = "v1.0.1"

[[projects]]
  digest = "1:e6e886365713d9885f3ae6120d4265fe863a1d06203fb8cd92e17fbc9d56fdfd"
  name = "github.com/elastic/go-lumber"
  packages = [
    "client/v2",
    "protocol/v2",
  ]
  pruneopts = "UT"
  revision = "616041e345fc33c97bc0eb0fa6b388aa07bca3e1"
  version = "v0.1.0"

[[projects]]
  digest = "1:59423135b9022ad12bf9a9915979d696ab14a73a0cea6582fbfccc0b79b8ae6c"
  name = "github.com/elastic/go-seccomp-bpf"
  packages = [
    ".",
    "arch",
  ]
  pruneopts = "UT"
  revision = "4e6640ac0ec1b7cd22a7ec12f4ca610efbe3c4d9"
  version = "v1.1.0"

[[projects]]
  digest = "1:eb8ca174659b48486fc85e54e0695688d567e5cb3f2e96ae4bfac0bdbe815a2b"
  name = "github.com/elastic/go-structform"
  packages = [
    ".",
    "cborl",
    "gotype",
    "internal/unsafe",
    "json",
    "ubjson",
    "visitors",
  ]
  pruneopts = "UT"
  revision = "1425975cf4eb470099fcf02cbe9389cf3a7028a3"
  version = "v0.0.5"

[[projects]]
  digest = "1:730ccdc4205aca926fe0abbc9994f7da1c880cd12f1c78b397ea8d2898057b2e"
  name = "github.com/elastic/go-sysinfo"
  packages = [
    ".",
    "internal/registry",
    "providers/darwin",
    "providers/linux",
    "providers/shared",
    "providers/windows",
    "types",
  ]
  pruneopts = "UT"
  revision = "8e0e854621d7e11462d5379fe90d004214482e73"
  version = "v1.0.1"

[[projects]]
  digest = "1:f36c76a43856e5a0682239fafa3105b3d8ffbec76e301841fc229328efdcd701"
  name = "github.com/elastic/go-txfile"
  packages = [
    ".",
    "dev-tools/lib/mage/gotool",
    "dev-tools/lib/mage/mgenv",
    "dev-tools/lib/mage/xbuild",
    "internal/cleanup",
    "internal/invariant",
    "internal/iter",
    "internal/strbld",
    "internal/tracelog",
    "internal/vfs",
    "internal/vfs/osfs",
    "pq",
    "txerr",
  ]
  pruneopts = "UT"
  revision = "fa3d87c14381c01aaa1c7901877fb5e483294964"
  version = "v0.0.6"

[[projects]]
  digest = "1:2324955006449775d4ce5866687f91ef7f43203f0ed98cb3f96fbb2deb560777"
  name = "github.com/elastic/go-ucfg"
  packages = [
    ".",
    "cfgutil",
    "flag",
    "internal/parse",
    "json",
    "yaml",
  ]
  pruneopts = "UT"
  revision = "0539807037ce820e147797f051ff32b05f4f9288"
  version = "v0.7.0"

[[projects]]
  digest = "1:5fd69478ead8ea1e30701e4aca2d7a14c97419dd1fd495e4fbb730495c61ea31"
  name = "github.com/elastic/go-windows"
  packages = ["."]
  pruneopts = "UT"
  revision = "4fe172db2494b71a5b0d1de5a0248e543d7249f4"
  version = "v1.0.0"

[[projects]]
  digest = "1:d05acae989708004d70268053c2ba01d011a6460d36286eecb4d946d47e4cb4a"
  name = "github.com/elastic/gosigar"
  packages = [
    ".",
    "cgroup",
    "sys",
    "sys/linux",
    "sys/windows",
  ]
  pruneopts = "UT"
  revision = "99ed9cf55303a9d3936cb656b9a86a4a6e67b30a"
  version = "v0.10.3"

[[projects]]
  digest = "1:a37a070ad5ddb6a130e55fa2c43d329d4a7058498dc798eae1d61a92566c8ac4"
  name = "github.com/ericchiang/k8s"
  packages = [
    ".",
    "apis/apiextensions/v1beta1",
    "apis/apps/v1beta1",
    "apis/core/v1",
    "apis/extensions/v1beta1",
    "apis/meta/v1",
    "apis/policy/v1beta1",
    "apis/resource",
    "runtime",
    "runtime/schema",
    "util/intstr",
    "watch/versioned",
  ]
  pruneopts = "UT"
  revision = "d1bbc0cffaf9849ddcae7b9efffae33e2dd52e9a"
  version = "v1.2.0"

[[projects]]
  digest = "1:865079840386857c809b72ce300be7580cb50d3d3129ce11bf9aa6ca2bc1934a"
  name = "github.com/fatih/color"
  packages = ["."]
  pruneopts = "UT"
  revision = "5b77d2a35fb0ede96d138fc9a99f5c9b6aef11b4"
  version = "v1.7.0"

[[projects]]
  digest = "1:0594af97b2f4cec6554086eeace6597e20a4b69466eb4ada25adf9f4300dddd2"
  name = "github.com/garyburd/redigo"
  packages = [
    "internal",
    "redis",
  ]
  pruneopts = "UT"
  revision = "a69d19351219b6dd56f274f96d85a7014a2ec34e"
  version = "v1.6.0"

[[projects]]
  digest = "1:2cd7915ab26ede7d95b8749e6b1f933f1c6d5398030684e6505940a10f31cfda"
  name = "github.com/ghodss/yaml"
  packages = ["."]
  pruneopts = "UT"
  revision = "0ca9ea5df5451ffdf184b4428c902747c2c11cd7"
  version = "v1.0.0"

[[projects]]
  digest = "1:bed9d72d596f94e65fff37f4d6c01398074a6bb1c3f3ceff963516bd01db6ff5"
  name = "github.com/gofrs/uuid"
  packages = ["."]
  pruneopts = "UT"
  revision = "6b08a5c5172ba18946672b49749cde22873dd7c2"
  version = "v3.2.0"

[[projects]]
  digest = "1:c23ef5b1fa68d209f3a299f58f3de6ecf126c1724a8c2d28e7930c291eb32dd5"
  name = "github.com/gogo/protobuf"
  packages = [
    "gogoproto",
    "proto",
    "protoc-gen-gogo/descriptor",
    "sortkeys",
    "types",
  ]
  pruneopts = "UT"
  revision = "ba06b47c162d49f2af050fb4c75bcbc86a159d5c"
  version = "v1.2.1"

[[projects]]
  digest = "1:489a99067cd08971bd9c1ee0055119ba8febc1429f9200ab0bec68d35e8c4833"
  name = "github.com/golang/protobuf"
  packages = [
    "jsonpb",
    "proto",
    "protoc-gen-go/descriptor",
    "protoc-gen-go/generator",
    "protoc-gen-go/generator/internal/remap",
    "protoc-gen-go/plugin",
    "ptypes",
    "ptypes/any",
    "ptypes/duration",
    "ptypes/struct",
    "ptypes/timestamp",
    "ptypes/wrappers",
  ]
  pruneopts = "UT"
  revision = "b5d812f8a3706043e23a9cd5babf2e5423744d30"
  version = "v1.3.1"

[[projects]]
  branch = "master"
  digest = "1:e4f5819333ac698d294fe04dbf640f84719658d5c7ce195b10060cc37292ce79"
  name = "github.com/golang/snappy"
  packages = ["."]
  pruneopts = "UT"
  revision = "2a8bb927dd31d8daada140a5d09578521ce5c36a"

[[projects]]
  digest = "1:c20c9a82345346a19916a0086e61ea97425172036a32b8a8975490da6a129fda"
  name = "github.com/grpc-ecosystem/grpc-gateway"
  packages = [
    "internal",
    "runtime",
    "utilities",
  ]
  pruneopts = "UT"
  revision = "cd0c8ef3533e9c04e6520cac37a81fe262fb0b34"
  version = "v1.9.2"

[[projects]]
  digest = "1:88e0b0baeb9072f0a4afbcf12dda615fc8be001d1802357538591155998da21b"
  name = "github.com/hashicorp/go-version"
  packages = ["."]
  pruneopts = "UT"
  revision = "ac23dc3fea5d1a983c43f6a0f6e2c13f0195d8bd"
  version = "v1.2.0"

[[projects]]
  digest = "1:870d441fe217b8e689d7949fef6e43efbc787e50f200cb1e70dbca9204a1d6be"
  name = "github.com/inconshreveable/mousetrap"
  packages = ["."]
  pruneopts = "UT"
  revision = "76626ae9c91c4f2a10f34cad8ce83ea42c93bb75"
  version = "v1.0"

[[projects]]
  branch = "master"
  digest = "1:ca41e6bafdc8d60c47dba38e9adfc75219a2892b09e5c2160161e7b6bf9562c2"
  name = "github.com/joeshaw/multierror"
  packages = ["."]
  pruneopts = "UT"
  revision = "69b34d4ec901851247ae7e77d33909caf9df99ed"

[[projects]]
  branch = "master"
  digest = "1:1b44621768074263c81d3b0bd7c25d7fd449f9ed347e7cc747485597933d1686"
  name = "github.com/jstemmer/go-junit-report"
  packages = [
    "formatter",
    "parser",
  ]
  pruneopts = "UT"
  revision = "af01ea7f8024089b458d804d5cdf190f962a9a0c"

[[projects]]
  digest = "1:67a850de45d31551a5d60acd71f8dc59754a2e21e46f0a600e85ad0bec852b6c"
  name = "github.com/klauspost/compress"
  packages = [
    "flate",
    "zlib",
  ]
  pruneopts = "UT"
  revision = "7a873649b01a9669308e8d58b6bcbbccc0b06b5d"
  version = "v1.7.1"

[[projects]]
  digest = "1:923c4d7194b42e054b2eb8a6c62824ac55e23ececc1c7e48d4da69c971c55954"
  name = "github.com/klauspost/cpuid"
  packages = ["."]
  pruneopts = "UT"
  revision = "05a8198c0f5a27739aec358908d7e12c64ce6eb7"
  version = "v1.2.1"

[[projects]]
  digest = "1:31e761d97c76151dde79e9d28964a812c46efc5baee4085b86f68f0c654450de"
  name = "github.com/konsorten/go-windows-terminal-sequences"
  packages = ["."]
  pruneopts = "UT"
  revision = "f55edac94c9bbba5d6182a4be46d86a2c9b5b50e"
  version = "v1.0.2"

[[projects]]
  digest = "1:e8d80e69b6b45a7f785620624a6cb08c25aae3385e8ffe374c8290e9b4b50f12"
  name = "github.com/magefile/mage"
  packages = [
    "mg",
    "sh",
    "target",
  ]
  pruneopts = "UT"
  revision = "aedfce64c122eef47009b7f80c9771044753215d"
  version = "v1.8.0"

[[projects]]
  digest = "1:c658e84ad3916da105a761660dcaeb01e63416c8ec7bc62256a9b411a05fcd67"
  name = "github.com/mattn/go-colorable"
  packages = ["."]
  pruneopts = "UT"
  revision = "167de6bfdfba052fa6b2d3664c8f5272e23c9072"
  version = "v0.0.9"

[[projects]]
  digest = "1:9b90c7639a41697f3d4ad12d7d67dfacc9a7a4a6e0bbfae4fc72d0da57c28871"
  name = "github.com/mattn/go-isatty"
  packages = ["."]
  pruneopts = "UT"
  revision = "1311e847b0cb909da63b5fecfb5370aa66236465"
  version = "v0.0.8"

[[projects]]
  digest = "1:7c572c76f914b3d3f7d75ce752c3a6ac5ba03be1f775e4602a3f18d7b08ddbbb"
  name = "github.com/miekg/dns"
  packages = ["."]
  pruneopts = "UT"
  revision = "9cfcfb2209aecb663673bd44b11f71c215186b80"
  version = "v1.1.14"

[[projects]]
  digest = "1:61332bb44d05257bbf0356d8400a8b30fe0b9fdc3b72b8b55661da8f0a4f39ae"
  name = "github.com/mitchellh/hashstructure"
  packages = ["."]
  pruneopts = "UT"
  revision = "a38c50148365edc8df43c1580c48fb2b3a1e9cd7"
  version = "v1.0.0"

[[projects]]
  digest = "1:ee4d4af67d93cc7644157882329023ce9a7bcfce956a079069a9405521c7cc8d"
  name = "github.com/opencontainers/go-digest"
  packages = ["."]
  pruneopts = "UT"
  revision = "279bed98673dd5bef374d3b6e4b09e2af76183bf"
  version = "v1.0.0-rc1"

[[projects]]
  digest = "1:259f9b7645983a7a823318d78aa96dec68af8891f706493ac1ec04d819cb977c"
  name = "github.com/pierrec/lz4"
  packages = [
    ".",
    "internal/xxh32",
  ]
  pruneopts = "UT"
  revision = "d705d4371bfccdf47f10e45584e896026c83616f"
  version = "v2.2.3"

[[projects]]
  digest = "1:cf31692c14422fa27c83a05292eb5cbe0fb2775972e8f1f8446a71549bd8980b"
  name = "github.com/pkg/errors"
  packages = ["."]
  pruneopts = "UT"
  revision = "ba968bfe8b2f7e042a574c888954fccecfa385b4"
  version = "v0.8.1"

[[projects]]
  digest = "1:0028cb19b2e4c3112225cd871870f2d9cf49b9b4276531f03438a88e94be86fe"
  name = "github.com/pmezard/go-difflib"
  packages = ["difflib"]
  pruneopts = "UT"
  revision = "792786c7400a136282c1664665ae0a8db921c6c2"
  version = "v1.0.0"

[[projects]]
  digest = "1:403b810b43500b5b0a9a24a47347e31dc2783ccae8cf97c891b46f5b0496fa1a"
  name = "github.com/prometheus/procfs"
  packages = [
    ".",
    "internal/fs",
  ]
  pruneopts = "UT"
  revision = "833678b5bb319f2d20a475cb165c6cc59c2cc77c"
  version = "v0.0.2"

[[projects]]
  digest = "1:7a42a49b115cb1500682e6fa5a5fe3e23c18ee2db3c3dc7b23f64828d1c5e06b"
  name = "github.com/prometheus/prometheus"
  packages = ["prompb"]
  pruneopts = "UT"
  revision = "d20e84d0fb64aff2f62a977adc8cfb656da4e286"
  version = "v2.10.0"

[[projects]]
  branch = "master"
  digest = "1:d38f81081a389f1466ec98192cf9115a82158854d6f01e1c23e2e7554b97db71"
  name = "github.com/rcrowley/go-metrics"
  packages = ["."]
  pruneopts = "UT"
  revision = "3113b8401b8a98917cde58f8bbd42a1b1c03b1fd"

[[projects]]
  digest = "1:e096613fb7cf34743d49af87d197663cfccd61876e2219853005a57baedfa562"
  name = "github.com/spf13/cobra"
  packages = ["."]
  pruneopts = "UT"
  revision = "f2b07da1e2c38d5f12845a4f607e2e1018cbb1f5"
  version = "v0.0.5"

[[projects]]
  digest = "1:c1b1102241e7f645bc8e0c22ae352e8f0dc6484b6cb4d132fa9f24174e0119e2"
  name = "github.com/spf13/pflag"
  packages = ["."]
  pruneopts = "UT"
  revision = "298182f68c66c05229eb03ac171abe6e309ee79a"
  version = "v1.0.3"

[[projects]]
  digest = "1:8548c309c65a85933a625be5e7d52b6ac927ca30c56869fae58123b8a77a75e1"
  name = "github.com/stretchr/testify"
  packages = ["assert"]
  pruneopts = "UT"
  revision = "221dbe5ed46703ee255b1da0dec05086f5035f62"
  version = "v1.4.0"

[[projects]]
  digest = "1:d7b2d6ad2a9768bb5c9e3bfa4d9ceaa635ca2737cca288507986f116fa4b8da2"
  name = "github.com/theckman/go-flock"
  packages = ["."]
  pruneopts = "UT"
  revision = "392e7fae8f1b0bdbd67dad7237d23f618feb6dbb"
  version = "v0.7.1"

[[projects]]
  branch = "master"
  digest = "1:b0d9635b5cf229621aa6520d59e2c2b7a16d3ecb39ece7760571a1d6912ebb84"
  name = "github.com/urso/go-bin"
  packages = ["."]
  pruneopts = "UT"
  revision = "781c575c9f0eb3cb9dca94521bd7ad7d5aec7fd4"

[[projects]]
  digest = "1:a5158647b553c61877aa9ae74f4015000294e47981e6b8b07525edcbb0747c81"
  name = "go.uber.org/atomic"
  packages = ["."]
  pruneopts = "UT"
  revision = "df976f2515e274675050de7b3f42545de80594fd"
  version = "v1.4.0"

[[projects]]
  digest = "1:60bf2a5e347af463c42ed31a493d817f8a72f102543060ed992754e689805d1a"
  name = "go.uber.org/multierr"
  packages = ["."]
  pruneopts = "UT"
  revision = "3c4937480c32f4c13a875a1829af76c98ca3d40a"
  version = "v1.1.0"

[[projects]]
  digest = "1:2a1fe9905518611e9ce56cd7aaefb35fca78d8a721ef5eb6540e5fdd436f45bb"
  name = "go.uber.org/zap"
  packages = [
    ".",
    "buffer",
    "internal/bufferpool",
    "internal/color",
    "internal/exit",
    "zapcore",
    "zaptest/observer",
  ]
  pruneopts = "UT"
  revision = "27376062155ad36be76b0f12cf1572a221d3a48c"
  version = "v1.10.0"

[[projects]]
  branch = "master"
  digest = "1:08644aeff6284192f9b529821257b83245e3a3a48e216074929629f62c3c5799"
  name = "golang.org/x/crypto"
  packages = [
    "ed25519",
    "ed25519/internal/edwards25519",
    "pbkdf2",
    "ssh/terminal",
  ]
  pruneopts = "UT"
  revision = "ea8f1a30c4438cc8b13f05538385ad8dc6049b43"

[[projects]]
  branch = "master"
  digest = "1:5821608a1502b43b22caa6ce27dd4c00af924a0f2c1b5311b465e8da6a769ce5"
  name = "golang.org/x/net"
  packages = [
    "bpf",
    "context",
    "context/ctxhttp",
    "http/httpguts",
    "http2",
    "http2/hpack",
    "idna",
    "internal/iana",
    "internal/socket",
    "internal/socks",
    "internal/timeseries",
    "ipv4",
    "ipv6",
    "proxy",
    "trace",
  ]
  pruneopts = "UT"
  revision = "b5b0513f8c1bb7c1e3e6f168fba117131fe2614a"

[[projects]]
  branch = "master"
  digest = "1:343f91b653ac9208a302205e640430211989cec44298488dec49e33eea6edf21"
  name = "golang.org/x/sys"
  packages = [
    "unix",
    "windows",
    "windows/registry",
    "windows/svc",
    "windows/svc/debug",
    "windows/svc/eventlog",
  ]
  pruneopts = "UT"
  revision = "516e3c20635fbe39539f7ed361a15c51fec29cd8"

[[projects]]
  digest = "1:8d8faad6b12a3a4c819a3f9618cb6ee1fa1cfc33253abeeea8b55336721e3405"
  name = "golang.org/x/text"
  packages = [
    "collate",
    "collate/build",
    "internal/colltab",
    "internal/gen",
    "internal/language",
    "internal/language/compact",
    "internal/tag",
    "internal/triegen",
    "internal/ucd",
    "language",
    "secure/bidirule",
    "transform",
    "unicode/bidi",
    "unicode/cldr",
    "unicode/norm",
    "unicode/rangetable",
  ]
  pruneopts = "UT"
  revision = "342b2e1fbaa52c93f31447ad2c6abc048c63e475"
  version = "v0.3.2"

[[projects]]
  branch = "master"
  digest = "1:a7246056f906502a71fc5d9544f51f08c5c8e6a9918b779725a1322f8e25ed36"
  name = "golang.org/x/tools"
  packages = ["go/vcs"]
  pruneopts = "UT"
  revision = "04b924abaa25159becde493bc31b979bcecd4887"

[[projects]]
  branch = "master"
  digest = "1:1233ed1b527b0ff66c3df5879f7e80b1d8631e030cc45821b77fc25acd0d72a6"
  name = "google.golang.org/genproto"
  packages = [
    "googleapis/api/annotations",
    "googleapis/api/httpbody",
    "googleapis/rpc/status",
    "protobuf/field_mask",
  ]
  pruneopts = "UT"
  revision = "a7e196e89fd3a3c4d103ca540bd5dac3a736e375"

[[projects]]
  digest = "1:e8800ddadd6bce3bc0c5ffd7bc55dbdddc6e750956c10cc10271cade542fccbe"
  name = "google.golang.org/grpc"
  packages = [
    ".",
    "balancer",
    "balancer/base",
    "balancer/roundrobin",
    "binarylog/grpc_binarylog_v1",
    "codes",
    "connectivity",
    "credentials",
    "credentials/internal",
    "encoding",
    "encoding/proto",
    "grpclog",
    "internal",
    "internal/backoff",
    "internal/balancerload",
    "internal/binarylog",
    "internal/channelz",
    "internal/envconfig",
    "internal/grpcrand",
    "internal/grpcsync",
    "internal/syscall",
    "internal/transport",
    "keepalive",
    "metadata",
    "naming",
    "peer",
    "resolver",
    "resolver/dns",
    "resolver/passthrough",
    "stats",
    "status",
    "tap",
  ]
  pruneopts = "UT"
  revision = "501c41df7f472c740d0674ff27122f3f48c80ce7"
  version = "v1.21.1"

[[projects]]
  digest = "1:4d2e5a73dc1500038e504a8d78b986630e3626dc027bc030ba5c75da257cdb96"
  name = "gopkg.in/yaml.v2"
  packages = ["."]
  pruneopts = "UT"
  revision = "51d6538a90f86fe93ac480b35f37b2be17fef232"
  version = "v2.2.2"

[[projects]]
  branch = "master"
  digest = "1:c10265d5a71326618d37e97169eddb3582f78e8ac7dcf87403b4cf619efd519a"
  name = "howett.net/plist"
  packages = ["."]
  pruneopts = "UT"
  revision = "591f970eefbbeb04d7b37f334a0c4c3256e32876"

[solve-meta]
  analyzer-name = "dep"
  analyzer-version = 1
  input-imports = [
    "github.com/elastic/beats/dev-tools/mage",
    "github.com/elastic/beats/libbeat/asset",
    "github.com/elastic/beats/libbeat/beat",
    "github.com/elastic/beats/libbeat/cmd",
    "github.com/elastic/beats/libbeat/cmd/instance",
    "github.com/elastic/beats/libbeat/common",
    "github.com/elastic/beats/libbeat/logp",
    "github.com/golang/protobuf/proto",
    "github.com/golang/snappy",
    "github.com/hashicorp/go-version",
    "github.com/magefile/mage/mg",
    "github.com/magefile/mage/sh",
    "github.com/prometheus/prometheus/prompb",
    "github.com/stretchr/testify/assert",
  ]
  solver-name = "gps-cdcl"
  solver-version = 1
